
Microsoft Visual Studio Solution File, Format Version 12.00
# Visual Studio 15
VisualStudioVersion = 15.0.28307.572
MinimumVisualStudioVersion = 10.0.40219.1
Project("{FAE04EC0-301F-11D3-BF4B-00C04F79EFBC}") = "MyConsoleApp", "MyConsoleApp\MyConsoleApp.csproj", "{AF22E032-AD19-4281-9FCB-B988A7DE22ED}"
EndProject
Global
	GlobalSection(SolutionConfigurationPlatforms) = preSolution
		Debug|Any CPU = Debug|Any CPU
		Release|Any CPU = Release|Any CPU
	EndGlobalSection
	GlobalSection(ProjectConfigurationPlatforms) = postSolution
		{AF22E032-AD19-4281-9FCB-B988A7DE22ED}.Debug|Any CPU.ActiveCfg = Debug|Any CPU
		{AF22E032-AD19-4281-9FCB-B988A7DE22ED}.Debug|Any CPU.Build.0 = Debug|Any CPU
		{AF22E032-AD19-4281-9FCB-B988A7DE22ED}.Release|Any CPU.ActiveCfg = Release|Any CPU
		{AF22E032-AD19-4281-9FCB-B988A7DE22ED}.Release|Any CPU.Build.0 = Release|Any CPU
	EndGlobalSection
	GlobalSection(SolutionProperties) = preSolution
		HideSolutionNode = FALSE
	EndGlobalSection
	GlobalSection(ExtensibilityGlobals) = postSolution
		SolutionGuid = {711102CD-B37C-470E-8E79-FADC03B2A9B6}
	EndGlobalSection
EndGlobal
