
Microsoft Visual Studio Solution File, Format Version 12.00
# Visual Studio 15
VisualStudioVersion = 15.0.28307.572
MinimumVisualStudioVersion = 10.0.40219.1
Project("{FAE04EC0-301F-11D3-BF4B-00C04F79EFBC}") = "MyWindowsFormsApp", "MyWindowsFormsApp\MyWindowsFormsApp.csproj", "{84229E29-1E27-4E29-B0C3-4F94194B5DB9}"
EndProject
<<<<<<< HEAD
Project("{FAE04EC0-301F-11D3-BF4B-00C04F79EFBC}") = "MyWindowsFormsApp.Model", "MyWindowsFormsApp.Model\MyWindowsFormsApp.Model.csproj", "{897C0740-803A-4259-944B-2643F19C1C38}"
EndProject
Project("{FAE04EC0-301F-11D3-BF4B-00C04F79EFBC}") = "MyWindowsFormsApp.BLL", "MyWindowsFormsApp.BLL\MyWindowsFormsApp.BLL.csproj", "{DA17ADA0-2C26-439A-B889-AA18F5F18D90}"
EndProject
Project("{FAE04EC0-301F-11D3-BF4B-00C04F79EFBC}") = "MyWindowsFormsApp.Repository", "MyWindowsFormsApp.Repository\MyWindowsFormsApp.Repository.csproj", "{B9B237AE-C029-41F7-82A9-043EE2931AE4}"
EndProject
Project("{FAE04EC0-301F-11D3-BF4B-00C04F79EFBC}") = "LinqApp", "LinqApp\LinqApp.csproj", "{D7B25C7B-9CFC-4485-BDC7-C9A60047350E}"
=======
Project("{FAE04EC0-301F-11D3-BF4B-00C04F79EFBC}") = "ObjectInitializationApp", "ObjectInitializationApp\ObjectInitializationApp.csproj", "{2033FA03-8446-4F4B-8AB9-E5BE9358D8B6}"
EndProject
Project("{FAE04EC0-301F-11D3-BF4B-00C04F79EFBC}") = "MyWindowsFormsApp.Model", "MyWindowsFormsApp.Model\MyWindowsFormsApp.Model.csproj", "{D7DFF91B-65BA-4053-8F27-ED86797AD2F9}"
EndProject
Project("{FAE04EC0-301F-11D3-BF4B-00C04F79EFBC}") = "ImplicitlyTypedLocalVariable", "ImplicitlyTypedLocalVariable\ImplicitlyTypedLocalVariable.csproj", "{AAB98EB5-4958-477E-8252-8793BAA96C1E}"
EndProject
Project("{FAE04EC0-301F-11D3-BF4B-00C04F79EFBC}") = "AnnonymusType", "AnnonymusType\AnnonymusType.csproj", "{8FD0A5EB-496A-4D1B-A755-36E9B14DA727}"
EndProject
Project("{FAE04EC0-301F-11D3-BF4B-00C04F79EFBC}") = "AnnonymusMethod", "AnnonymusMethod\AnnonymusMethod.csproj", "{8862061E-85AF-45CB-B472-1120E74C5103}"
>>>>>>> 195b74fd5da383891f3e8696b29ac8145f1b0127
EndProject
Global
	GlobalSection(SolutionConfigurationPlatforms) = preSolution
		Debug|Any CPU = Debug|Any CPU
		Release|Any CPU = Release|Any CPU
	EndGlobalSection
	GlobalSection(ProjectConfigurationPlatforms) = postSolution
		{84229E29-1E27-4E29-B0C3-4F94194B5DB9}.Debug|Any CPU.ActiveCfg = Debug|Any CPU
		{84229E29-1E27-4E29-B0C3-4F94194B5DB9}.Debug|Any CPU.Build.0 = Debug|Any CPU
		{84229E29-1E27-4E29-B0C3-4F94194B5DB9}.Release|Any CPU.ActiveCfg = Release|Any CPU
		{84229E29-1E27-4E29-B0C3-4F94194B5DB9}.Release|Any CPU.Build.0 = Release|Any CPU
<<<<<<< HEAD
		{897C0740-803A-4259-944B-2643F19C1C38}.Debug|Any CPU.ActiveCfg = Debug|Any CPU
		{897C0740-803A-4259-944B-2643F19C1C38}.Debug|Any CPU.Build.0 = Debug|Any CPU
		{897C0740-803A-4259-944B-2643F19C1C38}.Release|Any CPU.ActiveCfg = Release|Any CPU
		{897C0740-803A-4259-944B-2643F19C1C38}.Release|Any CPU.Build.0 = Release|Any CPU
		{DA17ADA0-2C26-439A-B889-AA18F5F18D90}.Debug|Any CPU.ActiveCfg = Debug|Any CPU
		{DA17ADA0-2C26-439A-B889-AA18F5F18D90}.Debug|Any CPU.Build.0 = Debug|Any CPU
		{DA17ADA0-2C26-439A-B889-AA18F5F18D90}.Release|Any CPU.ActiveCfg = Release|Any CPU
		{DA17ADA0-2C26-439A-B889-AA18F5F18D90}.Release|Any CPU.Build.0 = Release|Any CPU
		{B9B237AE-C029-41F7-82A9-043EE2931AE4}.Debug|Any CPU.ActiveCfg = Debug|Any CPU
		{B9B237AE-C029-41F7-82A9-043EE2931AE4}.Debug|Any CPU.Build.0 = Debug|Any CPU
		{B9B237AE-C029-41F7-82A9-043EE2931AE4}.Release|Any CPU.ActiveCfg = Release|Any CPU
		{B9B237AE-C029-41F7-82A9-043EE2931AE4}.Release|Any CPU.Build.0 = Release|Any CPU
		{D7B25C7B-9CFC-4485-BDC7-C9A60047350E}.Debug|Any CPU.ActiveCfg = Debug|Any CPU
		{D7B25C7B-9CFC-4485-BDC7-C9A60047350E}.Debug|Any CPU.Build.0 = Debug|Any CPU
		{D7B25C7B-9CFC-4485-BDC7-C9A60047350E}.Release|Any CPU.ActiveCfg = Release|Any CPU
		{D7B25C7B-9CFC-4485-BDC7-C9A60047350E}.Release|Any CPU.Build.0 = Release|Any CPU
=======
		{2033FA03-8446-4F4B-8AB9-E5BE9358D8B6}.Debug|Any CPU.ActiveCfg = Debug|Any CPU
		{2033FA03-8446-4F4B-8AB9-E5BE9358D8B6}.Debug|Any CPU.Build.0 = Debug|Any CPU
		{2033FA03-8446-4F4B-8AB9-E5BE9358D8B6}.Release|Any CPU.ActiveCfg = Release|Any CPU
		{2033FA03-8446-4F4B-8AB9-E5BE9358D8B6}.Release|Any CPU.Build.0 = Release|Any CPU
		{D7DFF91B-65BA-4053-8F27-ED86797AD2F9}.Debug|Any CPU.ActiveCfg = Debug|Any CPU
		{D7DFF91B-65BA-4053-8F27-ED86797AD2F9}.Debug|Any CPU.Build.0 = Debug|Any CPU
		{D7DFF91B-65BA-4053-8F27-ED86797AD2F9}.Release|Any CPU.ActiveCfg = Release|Any CPU
		{D7DFF91B-65BA-4053-8F27-ED86797AD2F9}.Release|Any CPU.Build.0 = Release|Any CPU
		{AAB98EB5-4958-477E-8252-8793BAA96C1E}.Debug|Any CPU.ActiveCfg = Debug|Any CPU
		{AAB98EB5-4958-477E-8252-8793BAA96C1E}.Debug|Any CPU.Build.0 = Debug|Any CPU
		{AAB98EB5-4958-477E-8252-8793BAA96C1E}.Release|Any CPU.ActiveCfg = Release|Any CPU
		{AAB98EB5-4958-477E-8252-8793BAA96C1E}.Release|Any CPU.Build.0 = Release|Any CPU
		{8FD0A5EB-496A-4D1B-A755-36E9B14DA727}.Debug|Any CPU.ActiveCfg = Debug|Any CPU
		{8FD0A5EB-496A-4D1B-A755-36E9B14DA727}.Debug|Any CPU.Build.0 = Debug|Any CPU
		{8FD0A5EB-496A-4D1B-A755-36E9B14DA727}.Release|Any CPU.ActiveCfg = Release|Any CPU
		{8FD0A5EB-496A-4D1B-A755-36E9B14DA727}.Release|Any CPU.Build.0 = Release|Any CPU
		{8862061E-85AF-45CB-B472-1120E74C5103}.Debug|Any CPU.ActiveCfg = Debug|Any CPU
		{8862061E-85AF-45CB-B472-1120E74C5103}.Debug|Any CPU.Build.0 = Debug|Any CPU
		{8862061E-85AF-45CB-B472-1120E74C5103}.Release|Any CPU.ActiveCfg = Release|Any CPU
		{8862061E-85AF-45CB-B472-1120E74C5103}.Release|Any CPU.Build.0 = Release|Any CPU
>>>>>>> 195b74fd5da383891f3e8696b29ac8145f1b0127
	EndGlobalSection
	GlobalSection(SolutionProperties) = preSolution
		HideSolutionNode = FALSE
	EndGlobalSection
	GlobalSection(ExtensibilityGlobals) = postSolution
		SolutionGuid = {D919FFB1-9DC9-4A6D-8BB9-E79EE4C64D99}
	EndGlobalSection
EndGlobal
