
Microsoft Visual Studio Solution File, Format Version 12.00
# Visual Studio 15
VisualStudioVersion = 15.0.28307.572
MinimumVisualStudioVersion = 10.0.40219.1
Project("{FAE04EC0-301F-11D3-BF4B-00C04F79EFBC}") = "MyWindowsFormsApp", "MyWindowsFormsApp\MyWindowsFormsApp.csproj", "{84229E29-1E27-4E29-B0C3-4F94194B5DB9}"
EndProject
Global
	GlobalSection(SolutionConfigurationPlatforms) = preSolution
		Debug|Any CPU = Debug|Any CPU
		Release|Any CPU = Release|Any CPU
	EndGlobalSection
	GlobalSection(ProjectConfigurationPlatforms) = postSolution
		{84229E29-1E27-4E29-B0C3-4F94194B5DB9}.Debug|Any CPU.ActiveCfg = Debug|Any CPU
		{84229E29-1E27-4E29-B0C3-4F94194B5DB9}.Debug|Any CPU.Build.0 = Debug|Any CPU
		{84229E29-1E27-4E29-B0C3-4F94194B5DB9}.Release|Any CPU.ActiveCfg = Release|Any CPU
		{84229E29-1E27-4E29-B0C3-4F94194B5DB9}.Release|Any CPU.Build.0 = Release|Any CPU
	EndGlobalSection
	GlobalSection(SolutionProperties) = preSolution
		HideSolutionNode = FALSE
	EndGlobalSection
	GlobalSection(ExtensibilityGlobals) = postSolution
		SolutionGuid = {D919FFB1-9DC9-4A6D-8BB9-E79EE4C64D99}
	EndGlobalSection
EndGlobal
